
Microsoft Visual Studio Solution File, Format Version 12.00
# Visual Studio Version 17
VisualStudioVersion = 17.13.35806.99 d17.13
MinimumVisualStudioVersion = 10.0.40219.1
Project("{FAE04EC0-301F-11D3-BF4B-00C04F79EFBC}") = "Entities", "InternIntelligence_Portfolio\Entities.csproj", "{26987F2A-1B5B-484A-A5C6-AF413D10A99E}"
EndProject
Project("{FAE04EC0-301F-11D3-BF4B-00C04F79EFBC}") = "DataAccess", "DataAccess\DataAccess.csproj", "{281D5F95-92B1-45A4-A6A0-98D29892A5A2}"
EndProject
Project("{FAE04EC0-301F-11D3-BF4B-00C04F79EFBC}") = "Core", "Core\Core.csproj", "{4CDC5741-7F74-4FF1-824D-B2F2FD078346}"
EndProject
Project("{FAE04EC0-301F-11D3-BF4B-00C04F79EFBC}") = "Bussines", "Bussines\Bussines.csproj", "{692F592E-ADC3-4010-B3EA-90961FF37DE1}"
EndProject
Project("{FAE04EC0-301F-11D3-BF4B-00C04F79EFBC}") = "InternIntelligence_Portfolio_API", "InternIntelligence_Portfolio_API\InternIntelligence_Portfolio_API.csproj", "{A4A9880F-E0F8-43D6-A2A1-50CCC587BD27}"
EndProject
Global
	GlobalSection(SolutionConfigurationPlatforms) = preSolution
		Debug|Any CPU = Debug|Any CPU
		Release|Any CPU = Release|Any CPU
	EndGlobalSection
	GlobalSection(ProjectConfigurationPlatforms) = postSolution
		{26987F2A-1B5B-484A-A5C6-AF413D10A99E}.Debug|Any CPU.ActiveCfg = Debug|Any CPU
		{26987F2A-1B5B-484A-A5C6-AF413D10A99E}.Debug|Any CPU.Build.0 = Debug|Any CPU
		{26987F2A-1B5B-484A-A5C6-AF413D10A99E}.Release|Any CPU.ActiveCfg = Release|Any CPU
		{26987F2A-1B5B-484A-A5C6-AF413D10A99E}.Release|Any CPU.Build.0 = Release|Any CPU
		{281D5F95-92B1-45A4-A6A0-98D29892A5A2}.Debug|Any CPU.ActiveCfg = Debug|Any CPU
		{281D5F95-92B1-45A4-A6A0-98D29892A5A2}.Debug|Any CPU.Build.0 = Debug|Any CPU
		{281D5F95-92B1-45A4-A6A0-98D29892A5A2}.Release|Any CPU.ActiveCfg = Release|Any CPU
		{281D5F95-92B1-45A4-A6A0-98D29892A5A2}.Release|Any CPU.Build.0 = Release|Any CPU
		{4CDC5741-7F74-4FF1-824D-B2F2FD078346}.Debug|Any CPU.ActiveCfg = Debug|Any CPU
		{4CDC5741-7F74-4FF1-824D-B2F2FD078346}.Debug|Any CPU.Build.0 = Debug|Any CPU
		{4CDC5741-7F74-4FF1-824D-B2F2FD078346}.Release|Any CPU.ActiveCfg = Release|Any CPU
		{4CDC5741-7F74-4FF1-824D-B2F2FD078346}.Release|Any CPU.Build.0 = Release|Any CPU
		{692F592E-ADC3-4010-B3EA-90961FF37DE1}.Debug|Any CPU.ActiveCfg = Debug|Any CPU
		{692F592E-ADC3-4010-B3EA-90961FF37DE1}.Debug|Any CPU.Build.0 = Debug|Any CPU
		{692F592E-ADC3-4010-B3EA-90961FF37DE1}.Release|Any CPU.ActiveCfg = Release|Any CPU
		{692F592E-ADC3-4010-B3EA-90961FF37DE1}.Release|Any CPU.Build.0 = Release|Any CPU
		{A4A9880F-E0F8-43D6-A2A1-50CCC587BD27}.Debug|Any CPU.ActiveCfg = Debug|Any CPU
		{A4A9880F-E0F8-43D6-A2A1-50CCC587BD27}.Debug|Any CPU.Build.0 = Debug|Any CPU
		{A4A9880F-E0F8-43D6-A2A1-50CCC587BD27}.Release|Any CPU.ActiveCfg = Release|Any CPU
		{A4A9880F-E0F8-43D6-A2A1-50CCC587BD27}.Release|Any CPU.Build.0 = Release|Any CPU
	EndGlobalSection
	GlobalSection(SolutionProperties) = preSolution
		HideSolutionNode = FALSE
	EndGlobalSection
	GlobalSection(ExtensibilityGlobals) = postSolution
		SolutionGuid = {FE03DA2C-BDF7-450A-8E2B-A3B5F63723A6}
	EndGlobalSection
EndGlobal
